
Microsoft Visual Studio Solution File, Format Version 12.00
# Visual Studio Version 16
VisualStudioVersion = 16.0.30711.63
MinimumVisualStudioVersion = 10.0.40219.1
Project("{FAE04EC0-301F-11D3-BF4B-00C04F79EFBC}") = "BoutiqueAPI", "BoutiqueAPI\BoutiqueAPI.csproj", "{118D0129-86CC-4FCE-9F37-33F5155CC0E8}"
EndProject
Global
	GlobalSection(SolutionConfigurationPlatforms) = preSolution
		Debug|Any CPU = Debug|Any CPU
		Release|Any CPU = Release|Any CPU
	EndGlobalSection
	GlobalSection(ProjectConfigurationPlatforms) = postSolution
		{118D0129-86CC-4FCE-9F37-33F5155CC0E8}.Debug|Any CPU.ActiveCfg = Debug|Any CPU
		{118D0129-86CC-4FCE-9F37-33F5155CC0E8}.Debug|Any CPU.Build.0 = Debug|Any CPU
		{118D0129-86CC-4FCE-9F37-33F5155CC0E8}.Release|Any CPU.ActiveCfg = Release|Any CPU
		{118D0129-86CC-4FCE-9F37-33F5155CC0E8}.Release|Any CPU.Build.0 = Release|Any CPU
	EndGlobalSection
	GlobalSection(SolutionProperties) = preSolution
		HideSolutionNode = FALSE
	EndGlobalSection
	GlobalSection(ExtensibilityGlobals) = postSolution
		SolutionGuid = {9788A96C-0376-4FB0-A70D-9AD40A3F1F57}
	EndGlobalSection
EndGlobal
